
Microsoft Visual Studio Solution File, Format Version 12.00
# Visual Studio Version 17
VisualStudioVersion = 17.9.34723.18
MinimumVisualStudioVersion = 10.0.40219.1
Project("{FAE04EC0-301F-11D3-BF4B-00C04F79EFBC}") = "Practica01", "Practica01\Practica01.csproj", "{48C43E61-287E-44E6-8241-AFDDD2DBA48A}"
EndProject
Global
	GlobalSection(SolutionConfigurationPlatforms) = preSolution
		Debug|Any CPU = Debug|Any CPU
		Release|Any CPU = Release|Any CPU
	EndGlobalSection
	GlobalSection(ProjectConfigurationPlatforms) = postSolution
		{48C43E61-287E-44E6-8241-AFDDD2DBA48A}.Debug|Any CPU.ActiveCfg = Debug|Any CPU
		{48C43E61-287E-44E6-8241-AFDDD2DBA48A}.Debug|Any CPU.Build.0 = Debug|Any CPU
		{48C43E61-287E-44E6-8241-AFDDD2DBA48A}.Release|Any CPU.ActiveCfg = Release|Any CPU
		{48C43E61-287E-44E6-8241-AFDDD2DBA48A}.Release|Any CPU.Build.0 = Release|Any CPU
	EndGlobalSection
	GlobalSection(SolutionProperties) = preSolution
		HideSolutionNode = FALSE
	EndGlobalSection
	GlobalSection(ExtensibilityGlobals) = postSolution
		SolutionGuid = {F1A45019-8E4A-44B7-8B8F-CFC2B4587B33}
	EndGlobalSection
EndGlobal
